
Microsoft Visual Studio Solution File, Format Version 12.00
# Visual Studio Version 17
VisualStudioVersion = 17.5.002.0
MinimumVisualStudioVersion = 10.0.40219.1
Project("{9A19103F-16F7-4668-BE54-9A1E7A4F7556}") = "FrameShare", "FrameShare.csproj", "{A021E87E-6549-4B14-9499-4B95D74DAC86}"
EndProject
Global
	GlobalSection(SolutionConfigurationPlatforms) = preSolution
		Debug|Any CPU = Debug|Any CPU
		Release|Any CPU = Release|Any CPU
	EndGlobalSection
	GlobalSection(ProjectConfigurationPlatforms) = postSolution
		{A021E87E-6549-4B14-9499-4B95D74DAC86}.Debug|Any CPU.ActiveCfg = Debug|Any CPU
		{A021E87E-6549-4B14-9499-4B95D74DAC86}.Debug|Any CPU.Build.0 = Debug|Any CPU
		{A021E87E-6549-4B14-9499-4B95D74DAC86}.Release|Any CPU.ActiveCfg = Release|Any CPU
		{A021E87E-6549-4B14-9499-4B95D74DAC86}.Release|Any CPU.Build.0 = Release|Any CPU
	EndGlobalSection
	GlobalSection(SolutionProperties) = preSolution
		HideSolutionNode = FALSE
	EndGlobalSection
	GlobalSection(ExtensibilityGlobals) = postSolution
		SolutionGuid = {1834BBE1-7932-4AA4-B662-94259B6335C5}
	EndGlobalSection
EndGlobal
